// !$*UTF8*$!
{
	archiveVersion = 1;
	classes = {
	};
	objectVersion = 50;
	objects = {

/* Begin PBXBuildFile section */
		2D0516DC2241293F00FFA079 /* AppDelegate.swift in Sources */ = {isa = PBXBuildFile; fileRef = 2D0516DB2241293F00FFA079 /* AppDelegate.swift */; };
		2D0516DE2241293F00FFA079 /* ViewController.swift in Sources */ = {isa = PBXBuildFile; fileRef = 2D0516DD2241293F00FFA079 /* ViewController.swift */; };
		2D0516E12241293F00FFA079 /* Main.storyboard in Resources */ = {isa = PBXBuildFile; fileRef = 2D0516DF2241293F00FFA079 /* Main.storyboard */; };
		2D0516E32241294100FFA079 /* Assets.xcassets in Resources */ = {isa = PBXBuildFile; fileRef = 2D0516E22241294100FFA079 /* Assets.xcassets */; };
		2D0516E62241294100FFA079 /* LaunchScreen.storyboard in Resources */ = {isa = PBXBuildFile; fileRef = 2D0516E42241294100FFA079 /* LaunchScreen.storyboard */; };
		2D0516F022412C3F00FFA079 /* PersonCell.swift in Sources */ = {isa = PBXBuildFile; fileRef = 2D0516EF22412C3F00FFA079 /* PersonCell.swift */; };
		2D0516F22241A13600FFA079 /* Person.swift in Sources */ = {isa = PBXBuildFile; fileRef = 2D0516F12241A13600FFA079 /* Person.swift */; };
/* End PBXBuildFile section */

/* Begin PBXFileReference section */
		2D0516D82241293F00FFA079 /* Name to Faces.app */ = {isa = PBXFileReference; explicitFileType = wrapper.application; includeInIndex = 0; path = "Name to Faces.app"; sourceTree = BUILT_PRODUCTS_DIR; };
		2D0516DB2241293F00FFA079 /* AppDelegate.swift */ = {isa = PBXFileReference; lastKnownFileType = sourcecode.swift; path = AppDelegate.swift; sourceTree = "<group>"; };
		2D0516DD2241293F00FFA079 /* ViewController.swift */ = {isa = PBXFileReference; lastKnownFileType = sourcecode.swift; path = ViewController.swift; sourceTree = "<group>"; };
		2D0516E02241293F00FFA079 /* Base */ = {isa = PBXFileReference; lastKnownFileType = file.storyboard; name = Base; path = Base.lproj/Main.storyboard; sourceTree = "<group>"; };
		2D0516E22241294100FFA079 /* Assets.xcassets */ = {isa = PBXFileReference; lastKnownFileType = folder.assetcatalog; path = Assets.xcassets; sourceTree = "<group>"; };
		2D0516E52241294100FFA079 /* Base */ = {isa = PBXFileReference; lastKnownFileType = file.storyboard; name = Base; path = Base.lproj/LaunchScreen.storyboard; sourceTree = "<group>"; };
		2D0516E72241294100FFA079 /* Info.plist */ = {isa = PBXFileReference; lastKnownFileType = text.plist.xml; path = Info.plist; sourceTree = "<group>"; };
		2D0516EF22412C3F00FFA079 /* PersonCell.swift */ = {isa = PBXFileReference; lastKnownFileType = sourcecode.swift; path = PersonCell.swift; sourceTree = "<group>"; };
		2D0516F12241A13600FFA079 /* Person.swift */ = {isa = PBXFileReference; lastKnownFileType = sourcecode.swift; path = Person.swift; sourceTree = "<group>"; };
/* End PBXFileReference section */

/* Begin PBXFrameworksBuildPhase section */
		2D0516D52241293F00FFA079 /* Frameworks */ = {
			isa = PBXFrameworksBuildPhase;
			buildActionMask = 2147483647;
			files = (
			);
			runOnlyForDeploymentPostprocessing = 0;
		};
/* End PBXFrameworksBuildPhase section */

/* Begin PBXGroup section */
		2D0516CF2241293F00FFA079 = {
			isa = PBXGroup;
			children = (
				2D0516DA2241293F00FFA079 /* Name to Faces */,
				2D0516D92241293F00FFA079 /* Products */,
			);
			sourceTree = "<group>";
		};
		2D0516D92241293F00FFA079 /* Products */ = {
			isa = PBXGroup;
			children = (
				2D0516D82241293F00FFA079 /* Name to Faces.app */,
			);
			name = Products;
			sourceTree = "<group>";
		};
		2D0516DA2241293F00FFA079 /* Name to Faces */ = {
			isa = PBXGroup;
			children = (
				2D0516DB2241293F00FFA079 /* AppDelegate.swift */,
				2D0516DD2241293F00FFA079 /* ViewController.swift */,
				2D0516F12241A13600FFA079 /* Person.swift */,
				2D0516EF22412C3F00FFA079 /* PersonCell.swift */,
				2D0516DF2241293F00FFA079 /* Main.storyboard */,
				2D0516E22241294100FFA079 /* Assets.xcassets */,
				2D0516E42241294100FFA079 /* LaunchScreen.storyboard */,
				2D0516E72241294100FFA079 /* Info.plist */,
			);
			path = "Name to Faces";
			sourceTree = "<group>";
		};
/* End PBXGroup section */

/* Begin PBXNativeTarget section */
		2D0516D72241293F00FFA079 /* Name to Faces */ = {
			isa = PBXNativeTarget;
			buildConfigurationList = 2D0516EA2241294100FFA079 /* Build configuration list for PBXNativeTarget "Name to Faces" */;
			buildPhases = (
				2D0516D42241293F00FFA079 /* Sources */,
				2D0516D52241293F00FFA079 /* Frameworks */,
				2D0516D62241293F00FFA079 /* Resources */,
			);
			buildRules = (
			);
			dependencies = (
			);
			name = "Name to Faces";
			productName = "Name to Faces";
			productReference = 2D0516D82241293F00FFA079 /* Name to Faces.app */;
			productType = "com.apple.product-type.application";
		};
/* End PBXNativeTarget section */

/* Begin PBXProject section */
		2D0516D02241293F00FFA079 /* Project object */ = {
			isa = PBXProject;
			attributes = {
				LastSwiftUpdateCheck = 1010;
				LastUpgradeCheck = 1010;
				ORGANIZATIONNAME = "Michele Galvagno";
				TargetAttributes = {
					2D0516D72241293F00FFA079 = {
						CreatedOnToolsVersion = 10.1;
					};
				};
			};
			buildConfigurationList = 2D0516D32241293F00FFA079 /* Build configuration list for PBXProject "Name to Faces" */;
			compatibilityVersion = "Xcode 9.3";
			developmentRegion = en;
			hasScannedForEncodings = 0;
			knownRegions = (
				en,
				Base,
			);
			mainGroup = 2D0516CF2241293F00FFA079;
			productRefGroup = 2D0516D92241293F00FFA079 /* Products */;
			projectDirPath = "";
			projectRoot = "";
			targets = (
				2D0516D72241293F00FFA079 /* Name to Faces */,
			);
		};
/* End PBXProject section */

/* Begin PBXResourcesBuildPhase section */
		2D0516D62241293F00FFA079 /* Resources */ = {
			isa = PBXResourcesBuildPhase;
			buildActionMask = 2147483647;
			files = (
				2D0516E62241294100FFA079 /* LaunchScreen.storyboard in Resources */,
				2D0516E32241294100FFA079 /* Assets.xcassets in Resources */,
				2D0516E12241293F00FFA079 /* Main.storyboard in Resources */,
			);
			runOnlyForDeploymentPostprocessing = 0;
		};
/* End PBXResourcesBuildPhase section */

/* Begin PBXSourcesBuildPhase section */
		2D0516D42241293F00FFA079 /* Sources */ = {
			isa = PBXSourcesBuildPhase;
			buildActionMask = 2147483647;
			files = (
				2D0516F022412C3F00FFA079 /* PersonCell.swift in Sources */,
				2D0516DE2241293F00FFA079 /* ViewController.swift in Sources */,
				2D0516F22241A13600FFA079 /* Person.swift in Sources */,
				2D0516DC2241293F00FFA079 /* AppDelegate.swift in Sources */,
			);
			runOnlyForDeploymentPostprocessing = 0;
		};
/* End PBXSourcesBuildPhase section */

/* Begin PBXVariantGroup section */
		2D0516DF2241293F00FFA079 /* Main.storyboard */ = {
			isa = PBXVariantGroup;
			children = (
				2D0516E02241293F00FFA079 /* Base */,
			);
			name = Main.storyboard;
			sourceTree = "<group>";
		};
		2D0516E42241294100FFA079 /* LaunchScreen.storyboard */ = {
			isa = PBXVariantGroup;
			children = (
				2D0516E52241294100FFA079 /* Base */,
			);
			name = LaunchScreen.storyboard;
			sourceTree = "<group>";
		};
/* End PBXVariantGroup section */

/* Begin XCBuildConfiguration section */
		2D0516E82241294100FFA079 /* Debug */ = {
			isa = XCBuildConfiguration;
			buildSettings = {
				ALWAYS_SEARCH_USER_PATHS = NO;
				CLANG_ANALYZER_NONNULL = YES;
				CLANG_ANALYZER_NUMBER_OBJECT_CONVERSION = YES_AGGRESSIVE;
				CLANG_CXX_LANGUAGE_STANDARD = "gnu++14";
				CLANG_CXX_LIBRARY = "libc++";
				CLANG_ENABLE_MODULES = YES;
				CLANG_ENABLE_OBJC_ARC = YES;
				CLANG_ENABLE_OBJC_WEAK = YES;
				CLANG_WARN_BLOCK_CAPTURE_AUTORELEASING = YES;
				CLANG_WARN_BOOL_CONVERSION = YES;
				CLANG_WARN_COMMA = YES;
				CLANG_WARN_CONSTANT_CONVERSION = YES;
				CLANG_WARN_DEPRECATED_OBJC_IMPLEMENTATIONS = YES;
				CLANG_WARN_DIRECT_OBJC_ISA_USAGE = YES_ERROR;
				CLANG_WARN_DOCUMENTATION_COMMENTS = YES;
				CLANG_WARN_EMPTY_BODY = YES;
				CLANG_WARN_ENUM_CONVERSION = YES;
				CLANG_WARN_INFINITE_RECURSION = YES;
				CLANG_WARN_INT_CONVERSION = YES;
				CLANG_WARN_NON_LITERAL_NULL_CONVERSION = YES;
				CLANG_WARN_OBJC_IMPLICIT_RETAIN_SELF = YES;
				CLANG_WARN_OBJC_LITERAL_CONVERSION = YES;
				CLANG_WARN_OBJC_ROOT_CLASS = YES_ERROR;
				CLANG_WARN_RANGE_LOOP_ANALYSIS = YES;
				CLANG_WARN_STRICT_PROTOTYPES = YES;
				CLANG_WARN_SUSPICIOUS_MOVE = YES;
				CLANG_WARN_UNGUARDED_AVAILABILITY = YES_AGGRESSIVE;
				CLANG_WARN_UNREACHABLE_CODE = YES;
				CLANG_WARN__DUPLICATE_METHOD_MATCH = YES;
				CODE_SIGN_IDENTITY = "iPhone Developer";
				COPY_PHASE_STRIP = NO;
				DEBUG_INFORMATION_FORMAT = dwarf;
				ENABLE_STRICT_OBJC_MSGSEND = YES;
				ENABLE_TESTABILITY = YES;
				GCC_C_LANGUAGE_STANDARD = gnu11;
				GCC_DYNAMIC_NO_PIC = NO;
				GCC_NO_COMMON_BLOCKS = YES;
				GCC_OPTIMIZATION_LEVEL = 0;
				GCC_PREPROCESSOR_DEFINITIONS = (
					"DEBUG=1",
					"$(inherited)",
				);
				GCC_WARN_64_TO_32_BIT_CONVERSION = YES;
				GCC_WARN_ABOUT_RETURN_TYPE = YES_ERROR;
				GCC_WARN_UNDECLARED_SELECTOR = YES;
				GCC_WARN_UNINITIALIZED_AUTOS = YES_AGGRESSIVE;
				GCC_WARN_UNUSED_FUNCTION = YES;
				GCC_WARN_UNUSED_VARIABLE = YES;
				IPHONEOS_DEPLOYMENT_TARGET = 12.1;
				MTL_ENABLE_DEBUG_INFO = INCLUDE_SOURCE;
				MTL_FAST_MATH = YES;
				ONLY_ACTIVE_ARCH = YES;
				SDKROOT = iphoneos;
				SWIFT_ACTIVE_COMPILATION_CONDITIONS = DEBUG;
				SWIFT_OPTIMIZATION_LEVEL = "-Onone";
			};
			name = Debug;
		};
		2D0516E92241294100FFA079 /* Release */ = {
			isa = XCBuildConfiguration;
			buildSettings = {
				ALWAYS_SEARCH_USER_PATHS = NO;
				CLANG_ANALYZER_NONNULL = YES;
				CLANG_ANALYZER_NUMBER_OBJECT_CONVERSION = YES_AGGRESSIVE;
				CLANG_CXX_LANGUAGE_STANDARD = "gnu++14";
				CLANG_CXX_LIBRARY = "libc++";
				CLANG_ENABLE_MODULES = YES;
				CLANG_ENABLE_OBJC_ARC = YES;
				CLANG_ENABLE_OBJC_WEAK = YES;
				CLANG_WARN_BLOCK_CAPTURE_AUTORELEASING = YES;
				CLANG_WARN_BOOL_CONVERSION = YES;
				CLANG_WARN_COMMA = YES;
				CLANG_WARN_CONSTANT_CONVERSION = YES;
				CLANG_WARN_DEPRECATED_OBJC_IMPLEMENTATIONS = YES;
				CLANG_WARN_DIRECT_OBJC_ISA_USAGE = YES_ERROR;
				CLANG_WARN_DOCUMENTATION_COMMENTS = YES;
				CLANG_WARN_EMPTY_BODY = YES;
				CLANG_WARN_ENUM_CONVERSION = YES;
				CLANG_WARN_INFINITE_RECURSION = YES;
				CLANG_WARN_INT_CONVERSION = YES;
				CLANG_WARN_NON_LITERAL_NULL_CONVERSION = YES;
				CLANG_WARN_OBJC_IMPLICIT_RETAIN_SELF = YES;
				CLANG_WARN_OBJC_LITERAL_CONVERSION = YES;
				CLANG_WARN_OBJC_ROOT_CLASS = YES_ERROR;
				CLANG_WARN_RANGE_LOOP_ANALYSIS = YES;
				CLANG_WARN_STRICT_PROTOTYPES = YES;
				CLANG_WARN_SUSPICIOUS_MOVE = YES;
				CLANG_WARN_UNGUARDED_AVAILABILITY = YES_AGGRESSIVE;
				CLANG_WARN_UNREACHABLE_CODE = YES;
				CLANG_WARN__DUPLICATE_METHOD_MATCH = YES;
				CODE_SIGN_IDENTITY = "iPhone Developer";
				COPY_PHASE_STRIP = NO;
				DEBUG_INFORMATION_FORMAT = "dwarf-with-dsym";
				ENABLE_NS_ASSERTIONS = NO;
				ENABLE_STRICT_OBJC_MSGSEND = YES;
				GCC_C_LANGUAGE_STANDARD = gnu11;
				GCC_NO_COMMON_BLOCKS = YES;
				GCC_WARN_64_TO_32_BIT_CONVERSION = YES;
				GCC_WARN_ABOUT_RETURN_TYPE = YES_ERROR;
				GCC_WARN_UNDECLARED_SELECTOR = YES;
				GCC_WARN_UNINITIALIZED_AUTOS = YES_AGGRESSIVE;
				GCC_WARN_UNUSED_FUNCTION = YES;
				GCC_WARN_UNUSED_VARIABLE = YES;
				IPHONEOS_DEPLOYMENT_TARGET = 12.1;
				MTL_ENABLE_DEBUG_INFO = NO;
				MTL_FAST_MATH = YES;
				SDKROOT = iphoneos;
				SWIFT_COMPILATION_MODE = wholemodule;
				SWIFT_OPTIMIZATION_LEVEL = "-O";
				VALIDATE_PRODUCT = YES;
			};
			name = Release;
		};
		2D0516EB2241294100FFA079 /* Debug */ = {
			isa = XCBuildConfiguration;
			buildSettings = {
				ASSETCATALOG_COMPILER_APPICON_NAME = AppIcon;
				CODE_SIGN_STYLE = Automatic;
				DEVELOPMENT_TEAM = 68Z4323Q26;
				INFOPLIST_FILE = "Name to Faces/Info.plist";
				LD_RUNPATH_SEARCH_PATHS = (
					"$(inherited)",
					"@executable_path/Frameworks",
				);
				PRODUCT_BUNDLE_IDENTIFIER = "com.michelegalvagno.Name-to-Faces";
				PRODUCT_NAME = "$(TARGET_NAME)";
				SWIFT_VERSION = 4.2;
				TARGETED_DEVICE_FAMILY = "1,2";
			};
			name = Debug;
		};
		2D0516EC2241294100FFA079 /* Release */ = {
			isa = XCBuildConfiguration;
			buildSettings = {
				ASSETCATALOG_COMPILER_APPICON_NAME = AppIcon;
				CODE_SIGN_STYLE = Automatic;
				DEVELOPMENT_TEAM = 68Z4323Q26;
				INFOPLIST_FILE = "Name to Faces/Info.plist";
				LD_RUNPATH_SEARCH_PATHS = (
					"$(inherited)",
					"@executable_path/Frameworks",
				);
				PRODUCT_BUNDLE_IDENTIFIER = "com.michelegalvagno.Name-to-Faces";
				PRODUCT_NAME = "$(TARGET_NAME)";
				SWIFT_VERSION = 4.2;
				TARGETED_DEVICE_FAMILY = "1,2";
			};
			name = Release;
		};
/* End XCBuildConfiguration section */

/* Begin XCConfigurationList section */
		2D0516D32241293F00FFA079 /* Build configuration list for PBXProject "Name to Faces" */ = {
			isa = XCConfigurationList;
			buildConfigurations = (
				2D0516E82241294100FFA079 /* Debug */,
				2D0516E92241294100FFA079 /* Release */,
			);
			defaultConfigurationIsVisible = 0;
			defaultConfigurationName = Release;
		};
		2D0516EA2241294100FFA079 /* Build configuration list for PBXNativeTarget "Name to Faces" */ = {
			isa = XCConfigurationList;
			buildConfigurations = (
				2D0516EB2241294100FFA079 /* Debug */,
				2D0516EC2241294100FFA079 /* Release */,
			);
			defaultConfigurationIsVisible = 0;
			defaultConfigurationName = Release;
		};
/* End XCConfigurationList section */
	};
	rootObject = 2D0516D02241293F00FFA079 /* Project object */;
}
